
Microsoft Visual Studio Solution File, Format Version 12.00
# Visual Studio Version 17
VisualStudioVersion = 17.9.34607.119
MinimumVisualStudioVersion = 10.0.40219.1
Project("{9A19103F-16F7-4668-BE54-9A1E7A4F7556}") = "MauiAppDemo", "MauiAppDemo\MauiAppDemo.csproj", "{4D3C6052-7A4A-41DE-B06C-D25218DA7349}"
EndProject
Project("{9A19103F-16F7-4668-BE54-9A1E7A4F7556}") = "MauiControls", "MauiControls\MauiControls.csproj", "{B8B6AA1E-531F-4D29-91A8-6C2B6CF919AE}"
EndProject
Project("{FAE04EC0-301F-11D3-BF4B-00C04F79EFBC}") = "MauiDemoDataBinding", "MauiDemoDataBinding\MauiDemoDataBinding.csproj", "{7B031CEA-8CE0-41B1-A512-FA842FD82E5B}"
EndProject
Global
	GlobalSection(SolutionConfigurationPlatforms) = preSolution
		Debug|Any CPU = Debug|Any CPU
		Release|Any CPU = Release|Any CPU
	EndGlobalSection
	GlobalSection(ProjectConfigurationPlatforms) = postSolution
		{4D3C6052-7A4A-41DE-B06C-D25218DA7349}.Debug|Any CPU.ActiveCfg = Debug|Any CPU
		{4D3C6052-7A4A-41DE-B06C-D25218DA7349}.Debug|Any CPU.Build.0 = Debug|Any CPU
		{4D3C6052-7A4A-41DE-B06C-D25218DA7349}.Debug|Any CPU.Deploy.0 = Debug|Any CPU
		{4D3C6052-7A4A-41DE-B06C-D25218DA7349}.Release|Any CPU.ActiveCfg = Release|Any CPU
		{4D3C6052-7A4A-41DE-B06C-D25218DA7349}.Release|Any CPU.Build.0 = Release|Any CPU
		{4D3C6052-7A4A-41DE-B06C-D25218DA7349}.Release|Any CPU.Deploy.0 = Release|Any CPU
		{B8B6AA1E-531F-4D29-91A8-6C2B6CF919AE}.Debug|Any CPU.ActiveCfg = Debug|Any CPU
		{B8B6AA1E-531F-4D29-91A8-6C2B6CF919AE}.Debug|Any CPU.Build.0 = Debug|Any CPU
		{B8B6AA1E-531F-4D29-91A8-6C2B6CF919AE}.Debug|Any CPU.Deploy.0 = Debug|Any CPU
		{B8B6AA1E-531F-4D29-91A8-6C2B6CF919AE}.Release|Any CPU.ActiveCfg = Release|Any CPU
		{B8B6AA1E-531F-4D29-91A8-6C2B6CF919AE}.Release|Any CPU.Build.0 = Release|Any CPU
		{B8B6AA1E-531F-4D29-91A8-6C2B6CF919AE}.Release|Any CPU.Deploy.0 = Release|Any CPU
		{7B031CEA-8CE0-41B1-A512-FA842FD82E5B}.Debug|Any CPU.ActiveCfg = Debug|Any CPU
		{7B031CEA-8CE0-41B1-A512-FA842FD82E5B}.Debug|Any CPU.Build.0 = Debug|Any CPU
		{7B031CEA-8CE0-41B1-A512-FA842FD82E5B}.Debug|Any CPU.Deploy.0 = Debug|Any CPU
		{7B031CEA-8CE0-41B1-A512-FA842FD82E5B}.Release|Any CPU.ActiveCfg = Release|Any CPU
		{7B031CEA-8CE0-41B1-A512-FA842FD82E5B}.Release|Any CPU.Build.0 = Release|Any CPU
		{7B031CEA-8CE0-41B1-A512-FA842FD82E5B}.Release|Any CPU.Deploy.0 = Release|Any CPU
	EndGlobalSection
	GlobalSection(SolutionProperties) = preSolution
		HideSolutionNode = FALSE
	EndGlobalSection
	GlobalSection(ExtensibilityGlobals) = postSolution
		SolutionGuid = {08663E81-A5C6-4BB4-86F8-C21F1D01BE3C}
	EndGlobalSection
EndGlobal
